dependencies:
- name: kafka
  repository: oci://registry-1.docker.io/bitnamicharts
  version: 26.3.1
- name: kafka-ui
  repository: https://provectus.github.io/kafka-ui-charts
  version: 0.7.5
- name: cp-helm-charts
  repository: https://confluentinc.github.io/cp-helm-charts/
  version: 0.6.1
- name: apicurio-registry
  repository: oci://ghcr.io/eshepelyuk/helm
  version: 3.0.1
- name: mongodb-sharded
  repository: oci://registry-1.docker.io/bitnamicharts
  version: 7.1.0
- name: flink-kubernetes-operator
  repository: https://downloads.apache.org/flink/flink-kubernetes-operator-1.6.1/
  version: 1.6.1
digest: sha256:aa16cb0e7f19e5d0b01114799029e7b894d3ea8e217ac0c739b29a7949f6ac55
generated: "2023-11-13T14:19:35.741132186+02:00"
