dependencies:
- name: mongodb-sharded
  repository: oci://registry-1.docker.io/bitnamicharts
  version: 7.1.6
- name: mongodb
  repository: oci://registry-1.docker.io/bitnamicharts
  version: 14.4.2
digest: sha256:2de10194ab30ae147da55cf9918ecaee3da6ebd1aeaf98dd168b5f7cb5eed668
generated: "2023-12-13T17:03:28.773848643+02:00"
